
Microsoft Visual Studio Solution File, Format Version 12.00
# Visual Studio Version 17
VisualStudioVersion = 17.5.33424.131
MinimumVisualStudioVersion = 10.0.40219.1
Project("{8BC9CEB8-8B4A-11D0-8D11-00A0C91BC942}") = "StaticMember_029", "StaticMember_029\StaticMember_029.vcxproj", "{E7F9C182-B17B-4D3F-9128-4E7F3951F8F8}"
EndProject
Project("{8BC9CEB8-8B4A-11D0-8D11-00A0C91BC942}") = "ChainFunction_029", "ChainFunction_029\ChainFunction_029.vcxproj", "{6B7B1BAC-4A13-4BA0-BDF0-1D3CEE4851C9}"
EndProject
Project("{8BC9CEB8-8B4A-11D0-8D11-00A0C91BC942}") = "Destruktor_029", "Destruktor_029\Destruktor_029.vcxproj", "{C5BCE7B0-A4A6-4D87-8D1B-3EA5EB3347CE}"
EndProject
Project("{8BC9CEB8-8B4A-11D0-8D11-00A0C91BC942}") = "Konstruktor_029", "Konstruktor_029\Konstruktor_029.vcxproj", "{445FBEE6-C6EF-4E5D-B02E-80BAE41DB927}"
EndProject
Project("{8BC9CEB8-8B4A-11D0-8D11-00A0C91BC942}") = "mbrStatikfunc_029", "mbrStatikfunc_029\mbrStatikfunc_029.vcxproj", "{DD9B5FF9-925F-4D56-8ECE-FFADA251D40D}"
EndProject
Global
	GlobalSection(SolutionConfigurationPlatforms) = preSolution
		Debug|x64 = Debug|x64
		Debug|x86 = Debug|x86
		Release|x64 = Release|x64
		Release|x86 = Release|x86
	EndGlobalSection
	GlobalSection(ProjectConfigurationPlatforms) = postSolution
		{E7F9C182-B17B-4D3F-9128-4E7F3951F8F8}.Debug|x64.ActiveCfg = Debug|x64
		{E7F9C182-B17B-4D3F-9128-4E7F3951F8F8}.Debug|x64.Build.0 = Debug|x64
		{E7F9C182-B17B-4D3F-9128-4E7F3951F8F8}.Debug|x86.ActiveCfg = Debug|Win32
		{E7F9C182-B17B-4D3F-9128-4E7F3951F8F8}.Debug|x86.Build.0 = Debug|Win32
		{E7F9C182-B17B-4D3F-9128-4E7F3951F8F8}.Release|x64.ActiveCfg = Release|x64
		{E7F9C182-B17B-4D3F-9128-4E7F3951F8F8}.Release|x64.Build.0 = Release|x64
		{E7F9C182-B17B-4D3F-9128-4E7F3951F8F8}.Release|x86.ActiveCfg = Release|Win32
		{E7F9C182-B17B-4D3F-9128-4E7F3951F8F8}.Release|x86.Build.0 = Release|Win32
		{6B7B1BAC-4A13-4BA0-BDF0-1D3CEE4851C9}.Debug|x64.ActiveCfg = Debug|x64
		{6B7B1BAC-4A13-4BA0-BDF0-1D3CEE4851C9}.Debug|x64.Build.0 = Debug|x64
		{6B7B1BAC-4A13-4BA0-BDF0-1D3CEE4851C9}.Debug|x86.ActiveCfg = Debug|Win32
		{6B7B1BAC-4A13-4BA0-BDF0-1D3CEE4851C9}.Debug|x86.Build.0 = Debug|Win32
		{6B7B1BAC-4A13-4BA0-BDF0-1D3CEE4851C9}.Release|x64.ActiveCfg = Release|x64
		{6B7B1BAC-4A13-4BA0-BDF0-1D3CEE4851C9}.Release|x64.Build.0 = Release|x64
		{6B7B1BAC-4A13-4BA0-BDF0-1D3CEE4851C9}.Release|x86.ActiveCfg = Release|Win32
		{6B7B1BAC-4A13-4BA0-BDF0-1D3CEE4851C9}.Release|x86.Build.0 = Release|Win32
		{C5BCE7B0-A4A6-4D87-8D1B-3EA5EB3347CE}.Debug|x64.ActiveCfg = Debug|x64
		{C5BCE7B0-A4A6-4D87-8D1B-3EA5EB3347CE}.Debug|x64.Build.0 = Debug|x64
		{C5BCE7B0-A4A6-4D87-8D1B-3EA5EB3347CE}.Debug|x86.ActiveCfg = Debug|Win32
		{C5BCE7B0-A4A6-4D87-8D1B-3EA5EB3347CE}.Debug|x86.Build.0 = Debug|Win32
		{C5BCE7B0-A4A6-4D87-8D1B-3EA5EB3347CE}.Release|x64.ActiveCfg = Release|x64
		{C5BCE7B0-A4A6-4D87-8D1B-3EA5EB3347CE}.Release|x64.Build.0 = Release|x64
		{C5BCE7B0-A4A6-4D87-8D1B-3EA5EB3347CE}.Release|x86.ActiveCfg = Release|Win32
		{C5BCE7B0-A4A6-4D87-8D1B-3EA5EB3347CE}.Release|x86.Build.0 = Release|Win32
		{445FBEE6-C6EF-4E5D-B02E-80BAE41DB927}.Debug|x64.ActiveCfg = Debug|x64
		{445FBEE6-C6EF-4E5D-B02E-80BAE41DB927}.Debug|x64.Build.0 = Debug|x64
		{445FBEE6-C6EF-4E5D-B02E-80BAE41DB927}.Debug|x86.ActiveCfg = Debug|Win32
		{445FBEE6-C6EF-4E5D-B02E-80BAE41DB927}.Debug|x86.Build.0 = Debug|Win32
		{445FBEE6-C6EF-4E5D-B02E-80BAE41DB927}.Release|x64.ActiveCfg = Release|x64
		{445FBEE6-C6EF-4E5D-B02E-80BAE41DB927}.Release|x64.Build.0 = Release|x64
		{445FBEE6-C6EF-4E5D-B02E-80BAE41DB927}.Release|x86.ActiveCfg = Release|Win32
		{445FBEE6-C6EF-4E5D-B02E-80BAE41DB927}.Release|x86.Build.0 = Release|Win32
		{DD9B5FF9-925F-4D56-8ECE-FFADA251D40D}.Debug|x64.ActiveCfg = Debug|x64
		{DD9B5FF9-925F-4D56-8ECE-FFADA251D40D}.Debug|x64.Build.0 = Debug|x64
		{DD9B5FF9-925F-4D56-8ECE-FFADA251D40D}.Debug|x86.ActiveCfg = Debug|Win32
		{DD9B5FF9-925F-4D56-8ECE-FFADA251D40D}.Debug|x86.Build.0 = Debug|Win32
		{DD9B5FF9-925F-4D56-8ECE-FFADA251D40D}.Release|x64.ActiveCfg = Release|x64
		{DD9B5FF9-925F-4D56-8ECE-FFADA251D40D}.Release|x64.Build.0 = Release|x64
		{DD9B5FF9-925F-4D56-8ECE-FFADA251D40D}.Release|x86.ActiveCfg = Release|Win32
		{DD9B5FF9-925F-4D56-8ECE-FFADA251D40D}.Release|x86.Build.0 = Release|Win32
	EndGlobalSection
	GlobalSection(SolutionProperties) = preSolution
		HideSolutionNode = FALSE
	EndGlobalSection
	GlobalSection(ExtensibilityGlobals) = postSolution
		SolutionGuid = {BE8EFE37-AB1D-40F4-B4CB-742575225673}
	EndGlobalSection
EndGlobal
